// !$*UTF8*$!
{
	archiveVersion = 1;
	classes = {
	};
	objectVersion = 46;
	objects = {

/* Begin PBXBuildFile section */
		41009D431F5E119A008CA7D0 /* ChatUserTableViewCell.swift in Sources */ = {isa = PBXBuildFile; fileRef = 41009D421F5E119A008CA7D0 /* ChatUserTableViewCell.swift */; };
		414C73B31FAE9F50008C385C /* FireBaseManager.swift in Sources */ = {isa = PBXBuildFile; fileRef = 414C73B21FAE9F50008C385C /* FireBaseManager.swift */; };
		415FBC321F1164810030B258 /* AppDelegate.swift in Sources */ = {isa = PBXBuildFile; fileRef = 415FBC311F1164810030B258 /* AppDelegate.swift */; };
		415FBC341F1164810030B258 /* LoginViewController.swift in Sources */ = {isa = PBXBuildFile; fileRef = 415FBC331F1164810030B258 /* LoginViewController.swift */; };
		415FBC371F1164810030B258 /* Main.storyboard in Resources */ = {isa = PBXBuildFile; fileRef = 415FBC351F1164810030B258 /* Main.storyboard */; };
		415FBC391F1164810030B258 /* Assets.xcassets in Resources */ = {isa = PBXBuildFile; fileRef = 415FBC381F1164810030B258 /* Assets.xcassets */; };
		415FBC3C1F1164810030B258 /* LaunchScreen.storyboard in Resources */ = {isa = PBXBuildFile; fileRef = 415FBC3A1F1164810030B258 /* LaunchScreen.storyboard */; };
		417F34E01F5DD1AB00874C7B /* ChatUserTableViewController.swift in Sources */ = {isa = PBXBuildFile; fileRef = 417F34DF1F5DD1AB00874C7B /* ChatUserTableViewController.swift */; };
		41ABDFDC1F4A272600940CDF /* GoogleService-Info.plist in Resources */ = {isa = PBXBuildFile; fileRef = 41ABDFDB1F4A272600940CDF /* GoogleService-Info.plist */; };
		41B0E0041F4CF44500D45AF3 /* User.swift in Sources */ = {isa = PBXBuildFile; fileRef = 41B0E0031F4CF44500D45AF3 /* User.swift */; };
		41B0E0071F4CFAF800D45AF3 /* ChatUserTableViewCell.xib in Resources */ = {isa = PBXBuildFile; fileRef = 41B0E0061F4CFAF800D45AF3 /* ChatUserTableViewCell.xib */; };
		ACC567ED2091956D0061003C /* UsersViewController.swift in Sources */ = {isa = PBXBuildFile; fileRef = ACC567EC2091956D0061003C /* UsersViewController.swift */; };
		B9672248A6BFF20ADCB7CA94 /* Pods_Blind_Date.framework in Frameworks */ = {isa = PBXBuildFile; fileRef = ED17216CAB09CCC326E3E122 /* Pods_Blind_Date.framework */; };
/* End PBXBuildFile section */

/* Begin PBXFileReference section */
		057BF41ECC45592CF371514B /* Pods-Blind DateTests.release.xcconfig */ = {isa = PBXFileReference; includeInIndex = 1; lastKnownFileType = text.xcconfig; name = "Pods-Blind DateTests.release.xcconfig"; path = "Pods/Target Support Files/Pods-Blind DateTests/Pods-Blind DateTests.release.xcconfig"; sourceTree = "<group>"; };
		198CBA203733407E9BBC8673 /* Pods_Blind_DateUITests.framework */ = {isa = PBXFileReference; explicitFileType = wrapper.framework; includeInIndex = 0; path = Pods_Blind_DateUITests.framework; sourceTree = BUILT_PRODUCTS_DIR; };
		2748AB8AFDD6247B9D9FB9D3 /* Pods-Blind Date.release.xcconfig */ = {isa = PBXFileReference; includeInIndex = 1; lastKnownFileType = text.xcconfig; name = "Pods-Blind Date.release.xcconfig"; path = "Pods/Target Support Files/Pods-Blind Date/Pods-Blind Date.release.xcconfig"; sourceTree = "<group>"; };
		2E621AF7A5306FF5C4C990C2 /* Pods-Blind DateUITests.debug.xcconfig */ = {isa = PBXFileReference; includeInIndex = 1; lastKnownFileType = text.xcconfig; name = "Pods-Blind DateUITests.debug.xcconfig"; path = "Pods/Target Support Files/Pods-Blind DateUITests/Pods-Blind DateUITests.debug.xcconfig"; sourceTree = "<group>"; };
		41009D421F5E119A008CA7D0 /* ChatUserTableViewCell.swift */ = {isa = PBXFileReference; lastKnownFileType = sourcecode.swift; path = ChatUserTableViewCell.swift; sourceTree = "<group>"; };
		414C73B21FAE9F50008C385C /* FireBaseManager.swift */ = {isa = PBXFileReference; lastKnownFileType = sourcecode.swift; path = FireBaseManager.swift; sourceTree = "<group>"; };
		415FBC2E1F1164810030B258 /* Blind Date.app */ = {isa = PBXFileReference; explicitFileType = wrapper.application; includeInIndex = 0; path = "Blind Date.app"; sourceTree = BUILT_PRODUCTS_DIR; };
		415FBC311F1164810030B258 /* AppDelegate.swift */ = {isa = PBXFileReference; lastKnownFileType = sourcecode.swift; path = AppDelegate.swift; sourceTree = "<group>"; };
		415FBC331F1164810030B258 /* LoginViewController.swift */ = {isa = PBXFileReference; lastKnownFileType = sourcecode.swift; path = LoginViewController.swift; sourceTree = "<group>"; };
		415FBC361F1164810030B258 /* Base */ = {isa = PBXFileReference; lastKnownFileType = file.storyboard; name = Base; path = Base.lproj/Main.storyboard; sourceTree = "<group>"; };
		415FBC381F1164810030B258 /* Assets.xcassets */ = {isa = PBXFileReference; lastKnownFileType = folder.assetcatalog; path = Assets.xcassets; sourceTree = "<group>"; };
		415FBC3B1F1164810030B258 /* Base */ = {isa = PBXFileReference; lastKnownFileType = file.storyboard; name = Base; path = Base.lproj/LaunchScreen.storyboard; sourceTree = "<group>"; };
		415FBC3D1F1164810030B258 /* Info.plist */ = {isa = PBXFileReference; lastKnownFileType = text.plist.xml; path = Info.plist; sourceTree = "<group>"; };
		417F34DF1F5DD1AB00874C7B /* ChatUserTableViewController.swift */ = {isa = PBXFileReference; fileEncoding = 4; lastKnownFileType = sourcecode.swift; path = ChatUserTableViewController.swift; sourceTree = "<group>"; };
		41ABDFDB1F4A272600940CDF /* GoogleService-Info.plist */ = {isa = PBXFileReference; fileEncoding = 4; lastKnownFileType = text.plist.xml; path = "GoogleService-Info.plist"; sourceTree = "<group>"; };
		41B0E0031F4CF44500D45AF3 /* User.swift */ = {isa = PBXFileReference; fileEncoding = 4; lastKnownFileType = sourcecode.swift; path = User.swift; sourceTree = "<group>"; };
		41B0E0061F4CFAF800D45AF3 /* ChatUserTableViewCell.xib */ = {isa = PBXFileReference; fileEncoding = 4; lastKnownFileType = file.xib; path = ChatUserTableViewCell.xib; sourceTree = "<group>"; };
		5D10069C1AB99FCF64824529 /* Pods-Blind Date.debug.xcconfig */ = {isa = PBXFileReference; includeInIndex = 1; lastKnownFileType = text.xcconfig; name = "Pods-Blind Date.debug.xcconfig"; path = "Pods/Target Support Files/Pods-Blind Date/Pods-Blind Date.debug.xcconfig"; sourceTree = "<group>"; };
		8C675CC67EE1A48A832F298A /* Pods_Blind_DateTests.framework */ = {isa = PBXFileReference; explicitFileType = wrapper.framework; includeInIndex = 0; path = Pods_Blind_DateTests.framework; sourceTree = BUILT_PRODUCTS_DIR; };
		9DE906FD488B8731063EE74C /* Pods-Blind DateUITests.release.xcconfig */ = {isa = PBXFileReference; includeInIndex = 1; lastKnownFileType = text.xcconfig; name = "Pods-Blind DateUITests.release.xcconfig"; path = "Pods/Target Support Files/Pods-Blind DateUITests/Pods-Blind DateUITests.release.xcconfig"; sourceTree = "<group>"; };
		ACC567EC2091956D0061003C /* UsersViewController.swift */ = {isa = PBXFileReference; lastKnownFileType = sourcecode.swift; path = UsersViewController.swift; sourceTree = "<group>"; };
		E4B20845E05D44C624F3825C /* Pods-Blind DateTests.debug.xcconfig */ = {isa = PBXFileReference; includeInIndex = 1; lastKnownFileType = text.xcconfig; name = "Pods-Blind DateTests.debug.xcconfig"; path = "Pods/Target Support Files/Pods-Blind DateTests/Pods-Blind DateTests.debug.xcconfig"; sourceTree = "<group>"; };
		ED17216CAB09CCC326E3E122 /* Pods_Blind_Date.framework */ = {isa = PBXFileReference; explicitFileType = wrapper.framework; includeInIndex = 0; path = Pods_Blind_Date.framework; sourceTree = BUILT_PRODUCTS_DIR; };
/* End PBXFileReference section */

/* Begin PBXFrameworksBuildPhase section */
		415FBC2B1F1164810030B258 /* Frameworks */ = {
			isa = PBXFrameworksBuildPhase;
			buildActionMask = 2147483647;
			files = (
				B9672248A6BFF20ADCB7CA94 /* Pods_Blind_Date.framework in Frameworks */,
			);
			runOnlyForDeploymentPostprocessing = 0;
		};
/* End PBXFrameworksBuildPhase section */

/* Begin PBXGroup section */
		2ADB97D401B643124F9276F9 /* Pods */ = {
			isa = PBXGroup;
			children = (
				5D10069C1AB99FCF64824529 /* Pods-Blind Date.debug.xcconfig */,
				2748AB8AFDD6247B9D9FB9D3 /* Pods-Blind Date.release.xcconfig */,
				E4B20845E05D44C624F3825C /* Pods-Blind DateTests.debug.xcconfig */,
				057BF41ECC45592CF371514B /* Pods-Blind DateTests.release.xcconfig */,
				2E621AF7A5306FF5C4C990C2 /* Pods-Blind DateUITests.debug.xcconfig */,
				9DE906FD488B8731063EE74C /* Pods-Blind DateUITests.release.xcconfig */,
			);
			name = Pods;
			sourceTree = "<group>";
		};
		414C73B01FAE9EA9008C385C /* Managers */ = {
			isa = PBXGroup;
			children = (
				414C73B21FAE9F50008C385C /* FireBaseManager.swift */,
			);
			path = Managers;
			sourceTree = "<group>";
		};
		415FBC251F1164810030B258 = {
			isa = PBXGroup;
			children = (
				415FBC301F1164810030B258 /* Blind Date */,
				415FBC2F1F1164810030B258 /* Products */,
				2ADB97D401B643124F9276F9 /* Pods */,
				98384BBB870C77382298C665 /* Frameworks */,
			);
			sourceTree = "<group>";
		};
		415FBC2F1F1164810030B258 /* Products */ = {
			isa = PBXGroup;
			children = (
				415FBC2E1F1164810030B258 /* Blind Date.app */,
			);
			name = Products;
			sourceTree = "<group>";
		};
		415FBC301F1164810030B258 /* Blind Date */ = {
			isa = PBXGroup;
			children = (
				ACC567EB209194F90061003C /* ViewControllers */,
				414C73B01FAE9EA9008C385C /* Managers */,
				41B0E0051F4CFAC100D45AF3 /* TableViewCells */,
				41B0E0021F4CF42200D45AF3 /* Models */,
				415FBC311F1164810030B258 /* AppDelegate.swift */,
				415FBC351F1164810030B258 /* Main.storyboard */,
				415FBC381F1164810030B258 /* Assets.xcassets */,
				415FBC3A1F1164810030B258 /* LaunchScreen.storyboard */,
				415FBC3D1F1164810030B258 /* Info.plist */,
				41ABDFDB1F4A272600940CDF /* GoogleService-Info.plist */,
			);
			path = "Blind Date";
			sourceTree = "<group>";
		};
		41B0E0021F4CF42200D45AF3 /* Models */ = {
			isa = PBXGroup;
			children = (
				41B0E0031F4CF44500D45AF3 /* User.swift */,
			);
			name = Models;
			sourceTree = "<group>";
		};
		41B0E0051F4CFAC100D45AF3 /* TableViewCells */ = {
			isa = PBXGroup;
			children = (
				41B0E0061F4CFAF800D45AF3 /* ChatUserTableViewCell.xib */,
				41009D421F5E119A008CA7D0 /* ChatUserTableViewCell.swift */,
			);
			name = TableViewCells;
			sourceTree = "<group>";
		};
		98384BBB870C77382298C665 /* Frameworks */ = {
			isa = PBXGroup;
			children = (
				ED17216CAB09CCC326E3E122 /* Pods_Blind_Date.framework */,
				8C675CC67EE1A48A832F298A /* Pods_Blind_DateTests.framework */,
				198CBA203733407E9BBC8673 /* Pods_Blind_DateUITests.framework */,
			);
			name = Frameworks;
			sourceTree = "<group>";
		};
		ACC567EB209194F90061003C /* ViewControllers */ = {
			isa = PBXGroup;
			children = (
				415FBC331F1164810030B258 /* LoginViewController.swift */,
				417F34DF1F5DD1AB00874C7B /* ChatUserTableViewController.swift */,
				ACC567EC2091956D0061003C /* UsersViewController.swift */,
			);
			path = ViewControllers;
			sourceTree = "<group>";
		};
/* End PBXGroup section */

/* Begin PBXNativeTarget section */
		415FBC2D1F1164810030B258 /* Blind Date */ = {
			isa = PBXNativeTarget;
			buildConfigurationList = 415FBC561F1164810030B258 /* Build configuration list for PBXNativeTarget "Blind Date" */;
			buildPhases = (
				C53496FEB2D66DCE3A32C7E8 /* [CP] Check Pods Manifest.lock */,
				415FBC2A1F1164810030B258 /* Sources */,
				415FBC2B1F1164810030B258 /* Frameworks */,
				415FBC2C1F1164810030B258 /* Resources */,
				6D9006923D015087BBEF9AB4 /* [CP] Embed Pods Frameworks */,
				5B2E7C2A69230EE283AAFC58 /* [CP] Copy Pods Resources */,
			);
			buildRules = (
			);
			dependencies = (
			);
			name = "Blind Date";
			productName = "Blind Date";
			productReference = 415FBC2E1F1164810030B258 /* Blind Date.app */;
			productType = "com.apple.product-type.application";
		};
/* End PBXNativeTarget section */

/* Begin PBXProject section */
		415FBC261F1164810030B258 /* Project object */ = {
			isa = PBXProject;
			attributes = {
				LastSwiftUpdateCheck = 0830;
				LastUpgradeCheck = 0930;
				ORGANIZATIONNAME = "Praveen Pendyala";
				TargetAttributes = {
					415FBC2D1F1164810030B258 = {
						CreatedOnToolsVersion = 8.3;
						DevelopmentTeam = A828SBS4G2;
						LastSwiftMigration = 0900;
						ProvisioningStyle = Automatic;
					};
				};
			};
			buildConfigurationList = 415FBC291F1164810030B258 /* Build configuration list for PBXProject "Blind Date" */;
			compatibilityVersion = "Xcode 3.2";
			developmentRegion = English;
			hasScannedForEncodings = 0;
			knownRegions = (
				en,
				Base,
			);
			mainGroup = 415FBC251F1164810030B258;
			productRefGroup = 415FBC2F1F1164810030B258 /* Products */;
			projectDirPath = "";
			projectRoot = "";
			targets = (
				415FBC2D1F1164810030B258 /* Blind Date */,
			);
		};
/* End PBXProject section */

/* Begin PBXResourcesBuildPhase section */
		415FBC2C1F1164810030B258 /* Resources */ = {
			isa = PBXResourcesBuildPhase;
			buildActionMask = 2147483647;
			files = (
				415FBC3C1F1164810030B258 /* LaunchScreen.storyboard in Resources */,
				41ABDFDC1F4A272600940CDF /* GoogleService-Info.plist in Resources */,
				41B0E0071F4CFAF800D45AF3 /* ChatUserTableViewCell.xib in Resources */,
				415FBC391F1164810030B258 /* Assets.xcassets in Resources */,
				415FBC371F1164810030B258 /* Main.storyboard in Resources */,
			);
			runOnlyForDeploymentPostprocessing = 0;
		};
/* End PBXResourcesBuildPhase section */

/* Begin PBXShellScriptBuildPhase section */
		5B2E7C2A69230EE283AAFC58 /* [CP] Copy Pods Resources */ = {
			isa = PBXShellScriptBuildPhase;
			buildActionMask = 2147483647;
			files = (
			);
			inputPaths = (
			);
			name = "[CP] Copy Pods Resources";
			outputPaths = (
			);
			runOnlyForDeploymentPostprocessing = 0;
			shellPath = /bin/sh;
			shellScript = "\"${SRCROOT}/Pods/Target Support Files/Pods-Blind Date/Pods-Blind Date-resources.sh\"\n";
			showEnvVarsInLog = 0;
		};
		6D9006923D015087BBEF9AB4 /* [CP] Embed Pods Frameworks */ = {
			isa = PBXShellScriptBuildPhase;
			buildActionMask = 2147483647;
			files = (
			);
			inputPaths = (
				"${SRCROOT}/Pods/Target Support Files/Pods-Blind Date/Pods-Blind Date-frameworks.sh",
				"${BUILT_PRODUCTS_DIR}/Bolts/Bolts.framework",
				"${BUILT_PRODUCTS_DIR}/FBSDKCoreKit/FBSDKCoreKit.framework",
				"${BUILT_PRODUCTS_DIR}/FBSDKLoginKit/FBSDKLoginKit.framework",
				"${BUILT_PRODUCTS_DIR}/FBSDKShareKit/FBSDKShareKit.framework",
				"${BUILT_PRODUCTS_DIR}/GTMSessionFetcher/GTMSessionFetcher.framework",
				"${BUILT_PRODUCTS_DIR}/GoogleToolboxForMac/GoogleToolboxForMac.framework",
				"${BUILT_PRODUCTS_DIR}/JSQMessagesViewController/JSQMessagesViewController.framework",
				"${BUILT_PRODUCTS_DIR}/JSQSystemSoundPlayer/JSQSystemSoundPlayer.framework",
			);
			name = "[CP] Embed Pods Frameworks";
			outputPaths = (
				"${TARGET_BUILD_DIR}/${FRAMEWORKS_FOLDER_PATH}/Bolts.framework",
				"${TARGET_BUILD_DIR}/${FRAMEWORKS_FOLDER_PATH}/FBSDKCoreKit.framework",
				"${TARGET_BUILD_DIR}/${FRAMEWORKS_FOLDER_PATH}/FBSDKLoginKit.framework",
				"${TARGET_BUILD_DIR}/${FRAMEWORKS_FOLDER_PATH}/FBSDKShareKit.framework",
				"${TARGET_BUILD_DIR}/${FRAMEWORKS_FOLDER_PATH}/GTMSessionFetcher.framework",
				"${TARGET_BUILD_DIR}/${FRAMEWORKS_FOLDER_PATH}/GoogleToolboxForMac.framework",
				"${TARGET_BUILD_DIR}/${FRAMEWORKS_FOLDER_PATH}/JSQMessagesViewController.framework",
				"${TARGET_BUILD_DIR}/${FRAMEWORKS_FOLDER_PATH}/JSQSystemSoundPlayer.framework",
			);
			runOnlyForDeploymentPostprocessing = 0;
			shellPath = /bin/sh;
			shellScript = "\"${SRCROOT}/Pods/Target Support Files/Pods-Blind Date/Pods-Blind Date-frameworks.sh\"\n";
			showEnvVarsInLog = 0;
		};
		C53496FEB2D66DCE3A32C7E8 /* [CP] Check Pods Manifest.lock */ = {
			isa = PBXShellScriptBuildPhase;
			buildActionMask = 2147483647;
			files = (
			);
			inputPaths = (
				"${PODS_PODFILE_DIR_PATH}/Podfile.lock",
				"${PODS_ROOT}/Manifest.lock",
			);
			name = "[CP] Check Pods Manifest.lock";
			outputPaths = (
				"$(DERIVED_FILE_DIR)/Pods-Blind Date-checkManifestLockResult.txt",
			);
			runOnlyForDeploymentPostprocessing = 0;
			shellPath = /bin/sh;
			shellScript = "diff \"${PODS_PODFILE_DIR_PATH}/Podfile.lock\" \"${PODS_ROOT}/Manifest.lock\" > /dev/null\nif [ $? != 0 ] ; then\n    # print error to STDERR\n    echo \"error: The sandbox is not in sync with the Podfile.lock. Run 'pod install' or update your CocoaPods installation.\" >&2\n    exit 1\nfi\n# This output is used by Xcode 'outputs' to avoid re-running this script phase.\necho \"SUCCESS\" > \"${SCRIPT_OUTPUT_FILE_0}\"\n";
			showEnvVarsInLog = 0;
		};
/* End PBXShellScriptBuildPhase section */

/* Begin PBXSourcesBuildPhase section */
		415FBC2A1F1164810030B258 /* Sources */ = {
			isa = PBXSourcesBuildPhase;
			buildActionMask = 2147483647;
			files = (
				415FBC341F1164810030B258 /* LoginViewController.swift in Sources */,
				415FBC321F1164810030B258 /* AppDelegate.swift in Sources */,
				414C73B31FAE9F50008C385C /* FireBaseManager.swift in Sources */,
				ACC567ED2091956D0061003C /* UsersViewController.swift in Sources */,
				417F34E01F5DD1AB00874C7B /* ChatUserTableViewController.swift in Sources */,
				41009D431F5E119A008CA7D0 /* ChatUserTableViewCell.swift in Sources */,
				41B0E0041F4CF44500D45AF3 /* User.swift in Sources */,
			);
			runOnlyForDeploymentPostprocessing = 0;
		};
/* End PBXSourcesBuildPhase section */

/* Begin PBXVariantGroup section */
		415FBC351F1164810030B258 /* Main.storyboard */ = {
			isa = PBXVariantGroup;
			children = (
				415FBC361F1164810030B258 /* Base */,
			);
			name = Main.storyboard;
			sourceTree = "<group>";
		};
		415FBC3A1F1164810030B258 /* LaunchScreen.storyboard */ = {
			isa = PBXVariantGroup;
			children = (
				415FBC3B1F1164810030B258 /* Base */,
			);
			name = LaunchScreen.storyboard;
			sourceTree = "<group>";
		};
/* End PBXVariantGroup section */

/* Begin XCBuildConfiguration section */
		415FBC541F1164810030B258 /* Debug */ = {
			isa = XCBuildConfiguration;
			buildSettings = {
				ALWAYS_SEARCH_USER_PATHS = NO;
				CLANG_ANALYZER_NONNULL = YES;
				CLANG_ANALYZER_NUMBER_OBJECT_CONVERSION = YES_AGGRESSIVE;
				CLANG_CXX_LANGUAGE_STANDARD = "gnu++0x";
				CLANG_CXX_LIBRARY = "libc++";
				CLANG_ENABLE_MODULES = YES;
				CLANG_ENABLE_OBJC_ARC = YES;
				CLANG_WARN_BLOCK_CAPTURE_AUTORELEASING = YES;
				CLANG_WARN_BOOL_CONVERSION = YES;
				CLANG_WARN_COMMA = YES;
				CLANG_WARN_CONSTANT_CONVERSION = YES;
				CLANG_WARN_DEPRECATED_OBJC_IMPLEMENTATIONS = YES;
				CLANG_WARN_DIRECT_OBJC_ISA_USAGE = YES_ERROR;
				CLANG_WARN_DOCUMENTATION_COMMENTS = YES;
				CLANG_WARN_EMPTY_BODY = YES;
				CLANG_WARN_ENUM_CONVERSION = YES;
				CLANG_WARN_INFINITE_RECURSION = YES;
				CLANG_WARN_INT_CONVERSION = YES;
				CLANG_WARN_NON_LITERAL_NULL_CONVERSION = YES;
				CLANG_WARN_OBJC_IMPLICIT_RETAIN_SELF = YES;
				CLANG_WARN_OBJC_LITERAL_CONVERSION = YES;
				CLANG_WARN_OBJC_ROOT_CLASS = YES_ERROR;
				CLANG_WARN_RANGE_LOOP_ANALYSIS = YES;
				CLANG_WARN_STRICT_PROTOTYPES = YES;
				CLANG_WARN_SUSPICIOUS_MOVE = YES;
				CLANG_WARN_UNREACHABLE_CODE = YES;
				CLANG_WARN__DUPLICATE_METHOD_MATCH = YES;
				"CODE_SIGN_IDENTITY[sdk=iphoneos*]" = "iPhone Developer";
				COPY_PHASE_STRIP = NO;
				DEBUG_INFORMATION_FORMAT = dwarf;
				ENABLE_STRICT_OBJC_MSGSEND = YES;
				ENABLE_TESTABILITY = YES;
				GCC_C_LANGUAGE_STANDARD = gnu99;
				GCC_DYNAMIC_NO_PIC = NO;
				GCC_NO_COMMON_BLOCKS = YES;
				GCC_OPTIMIZATION_LEVEL = 0;
				GCC_PREPROCESSOR_DEFINITIONS = (
					"DEBUG=1",
					"$(inherited)",
				);
				GCC_WARN_64_TO_32_BIT_CONVERSION = YES;
				GCC_WARN_ABOUT_RETURN_TYPE = YES_ERROR;
				GCC_WARN_UNDECLARED_SELECTOR = YES;
				GCC_WARN_UNINITIALIZED_AUTOS = YES_AGGRESSIVE;
				GCC_WARN_UNUSED_FUNCTION = YES;
				GCC_WARN_UNUSED_VARIABLE = YES;
				IPHONEOS_DEPLOYMENT_TARGET = 10.3;
				MTL_ENABLE_DEBUG_INFO = YES;
				ONLY_ACTIVE_ARCH = YES;
				SDKROOT = iphoneos;
				SWIFT_ACTIVE_COMPILATION_CONDITIONS = DEBUG;
				SWIFT_OPTIMIZATION_LEVEL = "-Onone";
				SWIFT_SWIFT3_OBJC_INFERENCE = Default;
				TARGETED_DEVICE_FAMILY = "1,2";
			};
			name = Debug;
		};
		415FBC551F1164810030B258 /* Release */ = {
			isa = XCBuildConfiguration;
			buildSettings = {
				ALWAYS_SEARCH_USER_PATHS = NO;
				CLANG_ANALYZER_NONNULL = YES;
				CLANG_ANALYZER_NUMBER_OBJECT_CONVERSION = YES_AGGRESSIVE;
				CLANG_CXX_LANGUAGE_STANDARD = "gnu++0x";
				CLANG_CXX_LIBRARY = "libc++";
				CLANG_ENABLE_MODULES = YES;
				CLANG_ENABLE_OBJC_ARC = YES;
				CLANG_WARN_BLOCK_CAPTURE_AUTORELEASING = YES;
				CLANG_WARN_BOOL_CONVERSION = YES;
				CLANG_WARN_COMMA = YES;
				CLANG_WARN_CONSTANT_CONVERSION = YES;
				CLANG_WARN_DEPRECATED_OBJC_IMPLEMENTATIONS = YES;
				CLANG_WARN_DIRECT_OBJC_ISA_USAGE = YES_ERROR;
				CLANG_WARN_DOCUMENTATION_COMMENTS = YES;
				CLANG_WARN_EMPTY_BODY = YES;
				CLANG_WARN_ENUM_CONVERSION = YES;
				CLANG_WARN_INFINITE_RECURSION = YES;
				CLANG_WARN_INT_CONVERSION = YES;
				CLANG_WARN_NON_LITERAL_NULL_CONVERSION = YES;
				CLANG_WARN_OBJC_IMPLICIT_RETAIN_SELF = YES;
				CLANG_WARN_OBJC_LITERAL_CONVERSION = YES;
				CLANG_WARN_OBJC_ROOT_CLASS = YES_ERROR;
				CLANG_WARN_RANGE_LOOP_ANALYSIS = YES;
				CLANG_WARN_STRICT_PROTOTYPES = YES;
				CLANG_WARN_SUSPICIOUS_MOVE = YES;
				CLANG_WARN_UNREACHABLE_CODE = YES;
				CLANG_WARN__DUPLICATE_METHOD_MATCH = YES;
				"CODE_SIGN_IDENTITY[sdk=iphoneos*]" = "iPhone Developer";
				COPY_PHASE_STRIP = NO;
				DEBUG_INFORMATION_FORMAT = "dwarf-with-dsym";
				ENABLE_NS_ASSERTIONS = NO;
				ENABLE_STRICT_OBJC_MSGSEND = YES;
				ENABLE_TESTABILITY = YES;
				GCC_C_LANGUAGE_STANDARD = gnu99;
				GCC_NO_COMMON_BLOCKS = YES;
				GCC_WARN_64_TO_32_BIT_CONVERSION = YES;
				GCC_WARN_ABOUT_RETURN_TYPE = YES_ERROR;
				GCC_WARN_UNDECLARED_SELECTOR = YES;
				GCC_WARN_UNINITIALIZED_AUTOS = YES_AGGRESSIVE;
				GCC_WARN_UNUSED_FUNCTION = YES;
				GCC_WARN_UNUSED_VARIABLE = YES;
				IPHONEOS_DEPLOYMENT_TARGET = 10.3;
				MTL_ENABLE_DEBUG_INFO = NO;
				SDKROOT = iphoneos;
				SWIFT_OPTIMIZATION_LEVEL = "-Owholemodule";
				SWIFT_SWIFT3_OBJC_INFERENCE = Default;
				TARGETED_DEVICE_FAMILY = "1,2";
				VALIDATE_PRODUCT = YES;
			};
			name = Release;
		};
		415FBC571F1164810030B258 /* Debug */ = {
			isa = XCBuildConfiguration;
			baseConfigurationReference = 5D10069C1AB99FCF64824529 /* Pods-Blind Date.debug.xcconfig */;
			buildSettings = {
				ASSETCATALOG_COMPILER_APPICON_NAME = AppIcon;
				"CODE_SIGN_IDENTITY[sdk=iphoneos*]" = "iPhone Developer";
				DEVELOPMENT_TEAM = A828SBS4G2;
				INFOPLIST_FILE = "Blind Date/Info.plist";
				LD_RUNPATH_SEARCH_PATHS = "$(inherited) @executable_path/Frameworks";
				PRODUCT_BUNDLE_IDENTIFIER = com.ios.instantlivefinder;
				PRODUCT_NAME = "$(TARGET_NAME)";
				PROVISIONING_PROFILE = "";
				PROVISIONING_PROFILE_SPECIFIER = "";
				SWIFT_SWIFT3_OBJC_INFERENCE = Default;
				SWIFT_VERSION = 4.0;
			};
			name = Debug;
		};
		415FBC581F1164810030B258 /* Release */ = {
			isa = XCBuildConfiguration;
			baseConfigurationReference = 2748AB8AFDD6247B9D9FB9D3 /* Pods-Blind Date.release.xcconfig */;
			buildSettings = {
				ASSETCATALOG_COMPILER_APPICON_NAME = AppIcon;
				"CODE_SIGN_IDENTITY[sdk=iphoneos*]" = "iPhone Developer";
				DEVELOPMENT_TEAM = A828SBS4G2;
				INFOPLIST_FILE = "Blind Date/Info.plist";
				LD_RUNPATH_SEARCH_PATHS = "$(inherited) @executable_path/Frameworks";
				PRODUCT_BUNDLE_IDENTIFIER = com.ios.instantlivefinder;
				PRODUCT_NAME = "$(TARGET_NAME)";
				PROVISIONING_PROFILE = "";
				PROVISIONING_PROFILE_SPECIFIER = "";
				SWIFT_SWIFT3_OBJC_INFERENCE = Default;
				SWIFT_VERSION = 4.0;
			};
			name = Release;
		};
/* End XCBuildConfiguration section */

/* Begin XCConfigurationList section */
		415FBC291F1164810030B258 /* Build configuration list for PBXProject "Blind Date" */ = {
			isa = XCConfigurationList;
			buildConfigurations = (
				415FBC541F1164810030B258 /* Debug */,
				415FBC551F1164810030B258 /* Release */,
			);
			defaultConfigurationIsVisible = 0;
			defaultConfigurationName = Release;
		};
		415FBC561F1164810030B258 /* Build configuration list for PBXNativeTarget "Blind Date" */ = {
			isa = XCConfigurationList;
			buildConfigurations = (
				415FBC571F1164810030B258 /* Debug */,
				415FBC581F1164810030B258 /* Release */,
			);
			defaultConfigurationIsVisible = 0;
			defaultConfigurationName = Release;
		};
/* End XCConfigurationList section */
	};
	rootObject = 415FBC261F1164810030B258 /* Project object */;
}
