// !$*UTF8*$!
{
	archiveVersion = 1;
	classes = {
	};
	objectVersion = 46;
	objects = {

/* Begin PBXBuildFile section */
		415FBC321F1164810030B258 /* AppDelegate.swift in Sources */ = {isa = PBXBuildFile; fileRef = 415FBC311F1164810030B258 /* AppDelegate.swift */; };
		415FBC341F1164810030B258 /* LoginViewController.swift in Sources */ = {isa = PBXBuildFile; fileRef = 415FBC331F1164810030B258 /* LoginViewController.swift */; };
		415FBC371F1164810030B258 /* Main.storyboard in Resources */ = {isa = PBXBuildFile; fileRef = 415FBC351F1164810030B258 /* Main.storyboard */; };
		415FBC391F1164810030B258 /* Assets.xcassets in Resources */ = {isa = PBXBuildFile; fileRef = 415FBC381F1164810030B258 /* Assets.xcassets */; };
		415FBC3C1F1164810030B258 /* LaunchScreen.storyboard in Resources */ = {isa = PBXBuildFile; fileRef = 415FBC3A1F1164810030B258 /* LaunchScreen.storyboard */; };
		415FBC471F1164810030B258 /* Blind_DateTests.swift in Sources */ = {isa = PBXBuildFile; fileRef = 415FBC461F1164810030B258 /* Blind_DateTests.swift */; };
		415FBC521F1164810030B258 /* Blind_DateUITests.swift in Sources */ = {isa = PBXBuildFile; fileRef = 415FBC511F1164810030B258 /* Blind_DateUITests.swift */; };
		41ABDFDC1F4A272600940CDF /* GoogleService-Info.plist in Resources */ = {isa = PBXBuildFile; fileRef = 41ABDFDB1F4A272600940CDF /* GoogleService-Info.plist */; };
		AA39A5C08B4FC8BFC982E486 /* Pods_Blind_DateTests.framework in Frameworks */ = {isa = PBXBuildFile; fileRef = 8C675CC67EE1A48A832F298A /* Pods_Blind_DateTests.framework */; };
		B9672248A6BFF20ADCB7CA94 /* Pods_Blind_Date.framework in Frameworks */ = {isa = PBXBuildFile; fileRef = ED17216CAB09CCC326E3E122 /* Pods_Blind_Date.framework */; };
		E956DA35B2B57F3190D04DD8 /* Pods_Blind_DateUITests.framework in Frameworks */ = {isa = PBXBuildFile; fileRef = 198CBA203733407E9BBC8673 /* Pods_Blind_DateUITests.framework */; };
/* End PBXBuildFile section */

/* Begin PBXContainerItemProxy section */
		415FBC431F1164810030B258 /* PBXContainerItemProxy */ = {
			isa = PBXContainerItemProxy;
			containerPortal = 415FBC261F1164810030B258 /* Project object */;
			proxyType = 1;
			remoteGlobalIDString = 415FBC2D1F1164810030B258;
			remoteInfo = "Blind Date";
		};
		415FBC4E1F1164810030B258 /* PBXContainerItemProxy */ = {
			isa = PBXContainerItemProxy;
			containerPortal = 415FBC261F1164810030B258 /* Project object */;
			proxyType = 1;
			remoteGlobalIDString = 415FBC2D1F1164810030B258;
			remoteInfo = "Blind Date";
		};
/* End PBXContainerItemProxy section */

/* Begin PBXFileReference section */
		057BF41ECC45592CF371514B /* Pods-Blind DateTests.release.xcconfig */ = {isa = PBXFileReference; includeInIndex = 1; lastKnownFileType = text.xcconfig; name = "Pods-Blind DateTests.release.xcconfig"; path = "Pods/Target Support Files/Pods-Blind DateTests/Pods-Blind DateTests.release.xcconfig"; sourceTree = "<group>"; };
		198CBA203733407E9BBC8673 /* Pods_Blind_DateUITests.framework */ = {isa = PBXFileReference; explicitFileType = wrapper.framework; includeInIndex = 0; path = Pods_Blind_DateUITests.framework; sourceTree = BUILT_PRODUCTS_DIR; };
		2748AB8AFDD6247B9D9FB9D3 /* Pods-Blind Date.release.xcconfig */ = {isa = PBXFileReference; includeInIndex = 1; lastKnownFileType = text.xcconfig; name = "Pods-Blind Date.release.xcconfig"; path = "Pods/Target Support Files/Pods-Blind Date/Pods-Blind Date.release.xcconfig"; sourceTree = "<group>"; };
		2E621AF7A5306FF5C4C990C2 /* Pods-Blind DateUITests.debug.xcconfig */ = {isa = PBXFileReference; includeInIndex = 1; lastKnownFileType = text.xcconfig; name = "Pods-Blind DateUITests.debug.xcconfig"; path = "Pods/Target Support Files/Pods-Blind DateUITests/Pods-Blind DateUITests.debug.xcconfig"; sourceTree = "<group>"; };
		415FBC2E1F1164810030B258 /* Blind Date.app */ = {isa = PBXFileReference; explicitFileType = wrapper.application; includeInIndex = 0; path = "Blind Date.app"; sourceTree = BUILT_PRODUCTS_DIR; };
		415FBC311F1164810030B258 /* AppDelegate.swift */ = {isa = PBXFileReference; lastKnownFileType = sourcecode.swift; path = AppDelegate.swift; sourceTree = "<group>"; };
		415FBC331F1164810030B258 /* LoginViewController.swift */ = {isa = PBXFileReference; lastKnownFileType = sourcecode.swift; path = LoginViewController.swift; sourceTree = "<group>"; };
		415FBC361F1164810030B258 /* Base */ = {isa = PBXFileReference; lastKnownFileType = file.storyboard; name = Base; path = Base.lproj/Main.storyboard; sourceTree = "<group>"; };
		415FBC381F1164810030B258 /* Assets.xcassets */ = {isa = PBXFileReference; lastKnownFileType = folder.assetcatalog; path = Assets.xcassets; sourceTree = "<group>"; };
		415FBC3B1F1164810030B258 /* Base */ = {isa = PBXFileReference; lastKnownFileType = file.storyboard; name = Base; path = Base.lproj/LaunchScreen.storyboard; sourceTree = "<group>"; };
		415FBC3D1F1164810030B258 /* Info.plist */ = {isa = PBXFileReference; lastKnownFileType = text.plist.xml; path = Info.plist; sourceTree = "<group>"; };
		415FBC421F1164810030B258 /* Blind DateTests.xctest */ = {isa = PBXFileReference; explicitFileType = wrapper.cfbundle; includeInIndex = 0; path = "Blind DateTests.xctest"; sourceTree = BUILT_PRODUCTS_DIR; };
		415FBC461F1164810030B258 /* Blind_DateTests.swift */ = {isa = PBXFileReference; lastKnownFileType = sourcecode.swift; path = Blind_DateTests.swift; sourceTree = "<group>"; };
		415FBC481F1164810030B258 /* Info.plist */ = {isa = PBXFileReference; lastKnownFileType = text.plist.xml; path = Info.plist; sourceTree = "<group>"; };
		415FBC4D1F1164810030B258 /* Blind DateUITests.xctest */ = {isa = PBXFileReference; explicitFileType = wrapper.cfbundle; includeInIndex = 0; path = "Blind DateUITests.xctest"; sourceTree = BUILT_PRODUCTS_DIR; };
		415FBC511F1164810030B258 /* Blind_DateUITests.swift */ = {isa = PBXFileReference; lastKnownFileType = sourcecode.swift; path = Blind_DateUITests.swift; sourceTree = "<group>"; };
		415FBC531F1164810030B258 /* Info.plist */ = {isa = PBXFileReference; lastKnownFileType = text.plist.xml; path = Info.plist; sourceTree = "<group>"; };
		41ABDFDB1F4A272600940CDF /* GoogleService-Info.plist */ = {isa = PBXFileReference; fileEncoding = 4; lastKnownFileType = text.plist.xml; path = "GoogleService-Info.plist"; sourceTree = "<group>"; };
		5D10069C1AB99FCF64824529 /* Pods-Blind Date.debug.xcconfig */ = {isa = PBXFileReference; includeInIndex = 1; lastKnownFileType = text.xcconfig; name = "Pods-Blind Date.debug.xcconfig"; path = "Pods/Target Support Files/Pods-Blind Date/Pods-Blind Date.debug.xcconfig"; sourceTree = "<group>"; };
		8C675CC67EE1A48A832F298A /* Pods_Blind_DateTests.framework */ = {isa = PBXFileReference; explicitFileType = wrapper.framework; includeInIndex = 0; path = Pods_Blind_DateTests.framework; sourceTree = BUILT_PRODUCTS_DIR; };
		9DE906FD488B8731063EE74C /* Pods-Blind DateUITests.release.xcconfig */ = {isa = PBXFileReference; includeInIndex = 1; lastKnownFileType = text.xcconfig; name = "Pods-Blind DateUITests.release.xcconfig"; path = "Pods/Target Support Files/Pods-Blind DateUITests/Pods-Blind DateUITests.release.xcconfig"; sourceTree = "<group>"; };
		E4B20845E05D44C624F3825C /* Pods-Blind DateTests.debug.xcconfig */ = {isa = PBXFileReference; includeInIndex = 1; lastKnownFileType = text.xcconfig; name = "Pods-Blind DateTests.debug.xcconfig"; path = "Pods/Target Support Files/Pods-Blind DateTests/Pods-Blind DateTests.debug.xcconfig"; sourceTree = "<group>"; };
		ED17216CAB09CCC326E3E122 /* Pods_Blind_Date.framework */ = {isa = PBXFileReference; explicitFileType = wrapper.framework; includeInIndex = 0; path = Pods_Blind_Date.framework; sourceTree = BUILT_PRODUCTS_DIR; };
/* End PBXFileReference section */

/* Begin PBXFrameworksBuildPhase section */
		415FBC2B1F1164810030B258 /* Frameworks */ = {
			isa = PBXFrameworksBuildPhase;
			buildActionMask = 2147483647;
			files = (
				B9672248A6BFF20ADCB7CA94 /* Pods_Blind_Date.framework in Frameworks */,
			);
			runOnlyForDeploymentPostprocessing = 0;
		};
		415FBC3F1F1164810030B258 /* Frameworks */ = {
			isa = PBXFrameworksBuildPhase;
			buildActionMask = 2147483647;
			files = (
				AA39A5C08B4FC8BFC982E486 /* Pods_Blind_DateTests.framework in Frameworks */,
			);
			runOnlyForDeploymentPostprocessing = 0;
		};
		415FBC4A1F1164810030B258 /* Frameworks */ = {
			isa = PBXFrameworksBuildPhase;
			buildActionMask = 2147483647;
			files = (
				E956DA35B2B57F3190D04DD8 /* Pods_Blind_DateUITests.framework in Frameworks */,
			);
			runOnlyForDeploymentPostprocessing = 0;
		};
/* End PBXFrameworksBuildPhase section */

/* Begin PBXGroup section */
		2ADB97D401B643124F9276F9 /* Pods */ = {
			isa = PBXGroup;
			children = (
				5D10069C1AB99FCF64824529 /* Pods-Blind Date.debug.xcconfig */,
				2748AB8AFDD6247B9D9FB9D3 /* Pods-Blind Date.release.xcconfig */,
				E4B20845E05D44C624F3825C /* Pods-Blind DateTests.debug.xcconfig */,
				057BF41ECC45592CF371514B /* Pods-Blind DateTests.release.xcconfig */,
				2E621AF7A5306FF5C4C990C2 /* Pods-Blind DateUITests.debug.xcconfig */,
				9DE906FD488B8731063EE74C /* Pods-Blind DateUITests.release.xcconfig */,
			);
			name = Pods;
			sourceTree = "<group>";
		};
		415FBC251F1164810030B258 = {
			isa = PBXGroup;
			children = (
				415FBC301F1164810030B258 /* Blind Date */,
				415FBC451F1164810030B258 /* Blind DateTests */,
				415FBC501F1164810030B258 /* Blind DateUITests */,
				415FBC2F1F1164810030B258 /* Products */,
				2ADB97D401B643124F9276F9 /* Pods */,
				98384BBB870C77382298C665 /* Frameworks */,
			);
			sourceTree = "<group>";
		};
		415FBC2F1F1164810030B258 /* Products */ = {
			isa = PBXGroup;
			children = (
				415FBC2E1F1164810030B258 /* Blind Date.app */,
				415FBC421F1164810030B258 /* Blind DateTests.xctest */,
				415FBC4D1F1164810030B258 /* Blind DateUITests.xctest */,
			);
			name = Products;
			sourceTree = "<group>";
		};
		415FBC301F1164810030B258 /* Blind Date */ = {
			isa = PBXGroup;
			children = (
				415FBC311F1164810030B258 /* AppDelegate.swift */,
				415FBC331F1164810030B258 /* LoginViewController.swift */,
				415FBC351F1164810030B258 /* Main.storyboard */,
				415FBC381F1164810030B258 /* Assets.xcassets */,
				415FBC3A1F1164810030B258 /* LaunchScreen.storyboard */,
				415FBC3D1F1164810030B258 /* Info.plist */,
				41ABDFDB1F4A272600940CDF /* GoogleService-Info.plist */,
			);
			path = "Blind Date";
			sourceTree = "<group>";
		};
		415FBC451F1164810030B258 /* Blind DateTests */ = {
			isa = PBXGroup;
			children = (
				415FBC461F1164810030B258 /* Blind_DateTests.swift */,
				415FBC481F1164810030B258 /* Info.plist */,
			);
			path = "Blind DateTests";
			sourceTree = "<group>";
		};
		415FBC501F1164810030B258 /* Blind DateUITests */ = {
			isa = PBXGroup;
			children = (
				415FBC511F1164810030B258 /* Blind_DateUITests.swift */,
				415FBC531F1164810030B258 /* Info.plist */,
			);
			path = "Blind DateUITests";
			sourceTree = "<group>";
		};
		98384BBB870C77382298C665 /* Frameworks */ = {
			isa = PBXGroup;
			children = (
				ED17216CAB09CCC326E3E122 /* Pods_Blind_Date.framework */,
				8C675CC67EE1A48A832F298A /* Pods_Blind_DateTests.framework */,
				198CBA203733407E9BBC8673 /* Pods_Blind_DateUITests.framework */,
			);
			name = Frameworks;
			sourceTree = "<group>";
		};
/* End PBXGroup section */

/* Begin PBXNativeTarget section */
		415FBC2D1F1164810030B258 /* Blind Date */ = {
			isa = PBXNativeTarget;
			buildConfigurationList = 415FBC561F1164810030B258 /* Build configuration list for PBXNativeTarget "Blind Date" */;
			buildPhases = (
				C53496FEB2D66DCE3A32C7E8 /* [CP] Check Pods Manifest.lock */,
				415FBC2A1F1164810030B258 /* Sources */,
				415FBC2B1F1164810030B258 /* Frameworks */,
				415FBC2C1F1164810030B258 /* Resources */,
				6D9006923D015087BBEF9AB4 /* [CP] Embed Pods Frameworks */,
				5B2E7C2A69230EE283AAFC58 /* [CP] Copy Pods Resources */,
			);
			buildRules = (
			);
			dependencies = (
			);
			name = "Blind Date";
			productName = "Blind Date";
			productReference = 415FBC2E1F1164810030B258 /* Blind Date.app */;
			productType = "com.apple.product-type.application";
		};
		415FBC411F1164810030B258 /* Blind DateTests */ = {
			isa = PBXNativeTarget;
			buildConfigurationList = 415FBC591F1164810030B258 /* Build configuration list for PBXNativeTarget "Blind DateTests" */;
			buildPhases = (
				15925BAF632BF0854FCBBA8F /* [CP] Check Pods Manifest.lock */,
				415FBC3E1F1164810030B258 /* Sources */,
				415FBC3F1F1164810030B258 /* Frameworks */,
				415FBC401F1164810030B258 /* Resources */,
				803D9CABF11CB1CE60955A74 /* [CP] Embed Pods Frameworks */,
				66E6767A8AE127E79D4E37CF /* [CP] Copy Pods Resources */,
			);
			buildRules = (
			);
			dependencies = (
				415FBC441F1164810030B258 /* PBXTargetDependency */,
			);
			name = "Blind DateTests";
			productName = "Blind DateTests";
			productReference = 415FBC421F1164810030B258 /* Blind DateTests.xctest */;
			productType = "com.apple.product-type.bundle.unit-test";
		};
		415FBC4C1F1164810030B258 /* Blind DateUITests */ = {
			isa = PBXNativeTarget;
			buildConfigurationList = 415FBC5C1F1164810030B258 /* Build configuration list for PBXNativeTarget "Blind DateUITests" */;
			buildPhases = (
				94E57C45B83F4F8968E61A1F /* [CP] Check Pods Manifest.lock */,
				415FBC491F1164810030B258 /* Sources */,
				415FBC4A1F1164810030B258 /* Frameworks */,
				415FBC4B1F1164810030B258 /* Resources */,
				1FE95093CCAA09176AE888CB /* [CP] Embed Pods Frameworks */,
				E93C40BF62F1FC193AA359ED /* [CP] Copy Pods Resources */,
			);
			buildRules = (
			);
			dependencies = (
				415FBC4F1F1164810030B258 /* PBXTargetDependency */,
			);
			name = "Blind DateUITests";
			productName = "Blind DateUITests";
			productReference = 415FBC4D1F1164810030B258 /* Blind DateUITests.xctest */;
			productType = "com.apple.product-type.bundle.ui-testing";
		};
/* End PBXNativeTarget section */

/* Begin PBXProject section */
		415FBC261F1164810030B258 /* Project object */ = {
			isa = PBXProject;
			attributes = {
				LastSwiftUpdateCheck = 0830;
				LastUpgradeCheck = 0830;
				ORGANIZATIONNAME = "Praveen Pendyala";
				TargetAttributes = {
					415FBC2D1F1164810030B258 = {
						CreatedOnToolsVersion = 8.3;
						DevelopmentTeam = A828SBS4G2;
						ProvisioningStyle = Automatic;
					};
					415FBC411F1164810030B258 = {
						CreatedOnToolsVersion = 8.3;
						DevelopmentTeam = E6W4NZ53P8;
						ProvisioningStyle = Automatic;
						TestTargetID = 415FBC2D1F1164810030B258;
					};
					415FBC4C1F1164810030B258 = {
						CreatedOnToolsVersion = 8.3;
						DevelopmentTeam = E6W4NZ53P8;
						ProvisioningStyle = Automatic;
						TestTargetID = 415FBC2D1F1164810030B258;
					};
				};
			};
			buildConfigurationList = 415FBC291F1164810030B258 /* Build configuration list for PBXProject "Blind Date" */;
			compatibilityVersion = "Xcode 3.2";
			developmentRegion = English;
			hasScannedForEncodings = 0;
			knownRegions = (
				en,
				Base,
			);
			mainGroup = 415FBC251F1164810030B258;
			productRefGroup = 415FBC2F1F1164810030B258 /* Products */;
			projectDirPath = "";
			projectRoot = "";
			targets = (
				415FBC2D1F1164810030B258 /* Blind Date */,
				415FBC411F1164810030B258 /* Blind DateTests */,
				415FBC4C1F1164810030B258 /* Blind DateUITests */,
			);
		};
/* End PBXProject section */

/* Begin PBXResourcesBuildPhase section */
		415FBC2C1F1164810030B258 /* Resources */ = {
			isa = PBXResourcesBuildPhase;
			buildActionMask = 2147483647;
			files = (
				415FBC3C1F1164810030B258 /* LaunchScreen.storyboard in Resources */,
				41ABDFDC1F4A272600940CDF /* GoogleService-Info.plist in Resources */,
				415FBC391F1164810030B258 /* Assets.xcassets in Resources */,
				415FBC371F1164810030B258 /* Main.storyboard in Resources */,
			);
			runOnlyForDeploymentPostprocessing = 0;
		};
		415FBC401F1164810030B258 /* Resources */ = {
			isa = PBXResourcesBuildPhase;
			buildActionMask = 2147483647;
			files = (
			);
			runOnlyForDeploymentPostprocessing = 0;
		};
		415FBC4B1F1164810030B258 /* Resources */ = {
			isa = PBXResourcesBuildPhase;
			buildActionMask = 2147483647;
			files = (
			);
			runOnlyForDeploymentPostprocessing = 0;
		};
/* End PBXResourcesBuildPhase section */

/* Begin PBXShellScriptBuildPhase section */
		15925BAF632BF0854FCBBA8F /* [CP] Check Pods Manifest.lock */ = {
			isa = PBXShellScriptBuildPhase;
			buildActionMask = 2147483647;
			files = (
			);
			inputPaths = (
				"${PODS_PODFILE_DIR_PATH}/Podfile.lock",
				"${PODS_ROOT}/Manifest.lock",
			);
			name = "[CP] Check Pods Manifest.lock";
			outputPaths = (
				"$(DERIVED_FILE_DIR)/Pods-Blind DateTests-checkManifestLockResult.txt",
			);
			runOnlyForDeploymentPostprocessing = 0;
			shellPath = /bin/sh;
			shellScript = "diff \"${PODS_PODFILE_DIR_PATH}/Podfile.lock\" \"${PODS_ROOT}/Manifest.lock\" > /dev/null\nif [ $? != 0 ] ; then\n    # print error to STDERR\n    echo \"error: The sandbox is not in sync with the Podfile.lock. Run 'pod install' or update your CocoaPods installation.\" >&2\n    exit 1\nfi\n# This output is used by Xcode 'outputs' to avoid re-running this script phase.\necho \"SUCCESS\" > \"${SCRIPT_OUTPUT_FILE_0}\"\n";
			showEnvVarsInLog = 0;
		};
		1FE95093CCAA09176AE888CB /* [CP] Embed Pods Frameworks */ = {
			isa = PBXShellScriptBuildPhase;
			buildActionMask = 2147483647;
			files = (
			);
			inputPaths = (
			);
			name = "[CP] Embed Pods Frameworks";
			outputPaths = (
			);
			runOnlyForDeploymentPostprocessing = 0;
			shellPath = /bin/sh;
			shellScript = "\"${SRCROOT}/Pods/Target Support Files/Pods-Blind DateUITests/Pods-Blind DateUITests-frameworks.sh\"\n";
			showEnvVarsInLog = 0;
		};
		5B2E7C2A69230EE283AAFC58 /* [CP] Copy Pods Resources */ = {
			isa = PBXShellScriptBuildPhase;
			buildActionMask = 2147483647;
			files = (
			);
			inputPaths = (
			);
			name = "[CP] Copy Pods Resources";
			outputPaths = (
			);
			runOnlyForDeploymentPostprocessing = 0;
			shellPath = /bin/sh;
			shellScript = "\"${SRCROOT}/Pods/Target Support Files/Pods-Blind Date/Pods-Blind Date-resources.sh\"\n";
			showEnvVarsInLog = 0;
		};
		66E6767A8AE127E79D4E37CF /* [CP] Copy Pods Resources */ = {
			isa = PBXShellScriptBuildPhase;
			buildActionMask = 2147483647;
			files = (
			);
			inputPaths = (
			);
			name = "[CP] Copy Pods Resources";
			outputPaths = (
			);
			runOnlyForDeploymentPostprocessing = 0;
			shellPath = /bin/sh;
			shellScript = "\"${SRCROOT}/Pods/Target Support Files/Pods-Blind DateTests/Pods-Blind DateTests-resources.sh\"\n";
			showEnvVarsInLog = 0;
		};
		6D9006923D015087BBEF9AB4 /* [CP] Embed Pods Frameworks */ = {
			isa = PBXShellScriptBuildPhase;
			buildActionMask = 2147483647;
			files = (
			);
			inputPaths = (
				"${SRCROOT}/Pods/Target Support Files/Pods-Blind Date/Pods-Blind Date-frameworks.sh",
				"${BUILT_PRODUCTS_DIR}/Bolts/Bolts.framework",
				"${BUILT_PRODUCTS_DIR}/FBSDKCoreKit/FBSDKCoreKit.framework",
				"${BUILT_PRODUCTS_DIR}/FBSDKLoginKit/FBSDKLoginKit.framework",
				"${BUILT_PRODUCTS_DIR}/FBSDKShareKit/FBSDKShareKit.framework",
				"${BUILT_PRODUCTS_DIR}/GTMSessionFetcher/GTMSessionFetcher.framework",
				"${BUILT_PRODUCTS_DIR}/GoogleToolboxForMac/GoogleToolboxForMac.framework",
				"${BUILT_PRODUCTS_DIR}/JSQMessagesViewController/JSQMessagesViewController.framework",
				"${BUILT_PRODUCTS_DIR}/JSQSystemSoundPlayer/JSQSystemSoundPlayer.framework",
			);
			name = "[CP] Embed Pods Frameworks";
			outputPaths = (
				"${TARGET_BUILD_DIR}/${FRAMEWORKS_FOLDER_PATH}/Bolts.framework",
				"${TARGET_BUILD_DIR}/${FRAMEWORKS_FOLDER_PATH}/FBSDKCoreKit.framework",
				"${TARGET_BUILD_DIR}/${FRAMEWORKS_FOLDER_PATH}/FBSDKLoginKit.framework",
				"${TARGET_BUILD_DIR}/${FRAMEWORKS_FOLDER_PATH}/FBSDKShareKit.framework",
				"${TARGET_BUILD_DIR}/${FRAMEWORKS_FOLDER_PATH}/GTMSessionFetcher.framework",
				"${TARGET_BUILD_DIR}/${FRAMEWORKS_FOLDER_PATH}/GoogleToolboxForMac.framework",
				"${TARGET_BUILD_DIR}/${FRAMEWORKS_FOLDER_PATH}/JSQMessagesViewController.framework",
				"${TARGET_BUILD_DIR}/${FRAMEWORKS_FOLDER_PATH}/JSQSystemSoundPlayer.framework",
			);
			runOnlyForDeploymentPostprocessing = 0;
			shellPath = /bin/sh;
			shellScript = "\"${SRCROOT}/Pods/Target Support Files/Pods-Blind Date/Pods-Blind Date-frameworks.sh\"\n";
			showEnvVarsInLog = 0;
		};
		803D9CABF11CB1CE60955A74 /* [CP] Embed Pods Frameworks */ = {
			isa = PBXShellScriptBuildPhase;
			buildActionMask = 2147483647;
			files = (
			);
			inputPaths = (
			);
			name = "[CP] Embed Pods Frameworks";
			outputPaths = (
			);
			runOnlyForDeploymentPostprocessing = 0;
			shellPath = /bin/sh;
			shellScript = "\"${SRCROOT}/Pods/Target Support Files/Pods-Blind DateTests/Pods-Blind DateTests-frameworks.sh\"\n";
			showEnvVarsInLog = 0;
		};
		94E57C45B83F4F8968E61A1F /* [CP] Check Pods Manifest.lock */ = {
			isa = PBXShellScriptBuildPhase;
			buildActionMask = 2147483647;
			files = (
			);
			inputPaths = (
				"${PODS_PODFILE_DIR_PATH}/Podfile.lock",
				"${PODS_ROOT}/Manifest.lock",
			);
			name = "[CP] Check Pods Manifest.lock";
			outputPaths = (
				"$(DERIVED_FILE_DIR)/Pods-Blind DateUITests-checkManifestLockResult.txt",
			);
			runOnlyForDeploymentPostprocessing = 0;
			shellPath = /bin/sh;
			shellScript = "diff \"${PODS_PODFILE_DIR_PATH}/Podfile.lock\" \"${PODS_ROOT}/Manifest.lock\" > /dev/null\nif [ $? != 0 ] ; then\n    # print error to STDERR\n    echo \"error: The sandbox is not in sync with the Podfile.lock. Run 'pod install' or update your CocoaPods installation.\" >&2\n    exit 1\nfi\n# This output is used by Xcode 'outputs' to avoid re-running this script phase.\necho \"SUCCESS\" > \"${SCRIPT_OUTPUT_FILE_0}\"\n";
			showEnvVarsInLog = 0;
		};
		C53496FEB2D66DCE3A32C7E8 /* [CP] Check Pods Manifest.lock */ = {
			isa = PBXShellScriptBuildPhase;
			buildActionMask = 2147483647;
			files = (
			);
			inputPaths = (
				"${PODS_PODFILE_DIR_PATH}/Podfile.lock",
				"${PODS_ROOT}/Manifest.lock",
			);
			name = "[CP] Check Pods Manifest.lock";
			outputPaths = (
				"$(DERIVED_FILE_DIR)/Pods-Blind Date-checkManifestLockResult.txt",
			);
			runOnlyForDeploymentPostprocessing = 0;
			shellPath = /bin/sh;
			shellScript = "diff \"${PODS_PODFILE_DIR_PATH}/Podfile.lock\" \"${PODS_ROOT}/Manifest.lock\" > /dev/null\nif [ $? != 0 ] ; then\n    # print error to STDERR\n    echo \"error: The sandbox is not in sync with the Podfile.lock. Run 'pod install' or update your CocoaPods installation.\" >&2\n    exit 1\nfi\n# This output is used by Xcode 'outputs' to avoid re-running this script phase.\necho \"SUCCESS\" > \"${SCRIPT_OUTPUT_FILE_0}\"\n";
			showEnvVarsInLog = 0;
		};
		E93C40BF62F1FC193AA359ED /* [CP] Copy Pods Resources */ = {
			isa = PBXShellScriptBuildPhase;
			buildActionMask = 2147483647;
			files = (
			);
			inputPaths = (
			);
			name = "[CP] Copy Pods Resources";
			outputPaths = (
			);
			runOnlyForDeploymentPostprocessing = 0;
			shellPath = /bin/sh;
			shellScript = "\"${SRCROOT}/Pods/Target Support Files/Pods-Blind DateUITests/Pods-Blind DateUITests-resources.sh\"\n";
			showEnvVarsInLog = 0;
		};
/* End PBXShellScriptBuildPhase section */

/* Begin PBXSourcesBuildPhase section */
		415FBC2A1F1164810030B258 /* Sources */ = {
			isa = PBXSourcesBuildPhase;
			buildActionMask = 2147483647;
			files = (
				415FBC341F1164810030B258 /* LoginViewController.swift in Sources */,
				415FBC321F1164810030B258 /* AppDelegate.swift in Sources */,
			);
			runOnlyForDeploymentPostprocessing = 0;
		};
		415FBC3E1F1164810030B258 /* Sources */ = {
			isa = PBXSourcesBuildPhase;
			buildActionMask = 2147483647;
			files = (
				415FBC471F1164810030B258 /* Blind_DateTests.swift in Sources */,
			);
			runOnlyForDeploymentPostprocessing = 0;
		};
		415FBC491F1164810030B258 /* Sources */ = {
			isa = PBXSourcesBuildPhase;
			buildActionMask = 2147483647;
			files = (
				415FBC521F1164810030B258 /* Blind_DateUITests.swift in Sources */,
			);
			runOnlyForDeploymentPostprocessing = 0;
		};
/* End PBXSourcesBuildPhase section */

/* Begin PBXTargetDependency section */
		415FBC441F1164810030B258 /* PBXTargetDependency */ = {
			isa = PBXTargetDependency;
			target = 415FBC2D1F1164810030B258 /* Blind Date */;
			targetProxy = 415FBC431F1164810030B258 /* PBXContainerItemProxy */;
		};
		415FBC4F1F1164810030B258 /* PBXTargetDependency */ = {
			isa = PBXTargetDependency;
			target = 415FBC2D1F1164810030B258 /* Blind Date */;
			targetProxy = 415FBC4E1F1164810030B258 /* PBXContainerItemProxy */;
		};
/* End PBXTargetDependency section */

/* Begin PBXVariantGroup section */
		415FBC351F1164810030B258 /* Main.storyboard */ = {
			isa = PBXVariantGroup;
			children = (
				415FBC361F1164810030B258 /* Base */,
			);
			name = Main.storyboard;
			sourceTree = "<group>";
		};
		415FBC3A1F1164810030B258 /* LaunchScreen.storyboard */ = {
			isa = PBXVariantGroup;
			children = (
				415FBC3B1F1164810030B258 /* Base */,
			);
			name = LaunchScreen.storyboard;
			sourceTree = "<group>";
		};
/* End PBXVariantGroup section */

/* Begin XCBuildConfiguration section */
		415FBC541F1164810030B258 /* Debug */ = {
			isa = XCBuildConfiguration;
			buildSettings = {
				ALWAYS_SEARCH_USER_PATHS = NO;
				CLANG_ANALYZER_NONNULL = YES;
				CLANG_ANALYZER_NUMBER_OBJECT_CONVERSION = YES_AGGRESSIVE;
				CLANG_CXX_LANGUAGE_STANDARD = "gnu++0x";
				CLANG_CXX_LIBRARY = "libc++";
				CLANG_ENABLE_MODULES = YES;
				CLANG_ENABLE_OBJC_ARC = YES;
				CLANG_WARN_BOOL_CONVERSION = YES;
				CLANG_WARN_CONSTANT_CONVERSION = YES;
				CLANG_WARN_DIRECT_OBJC_ISA_USAGE = YES_ERROR;
				CLANG_WARN_DOCUMENTATION_COMMENTS = YES;
				CLANG_WARN_EMPTY_BODY = YES;
				CLANG_WARN_ENUM_CONVERSION = YES;
				CLANG_WARN_INFINITE_RECURSION = YES;
				CLANG_WARN_INT_CONVERSION = YES;
				CLANG_WARN_OBJC_ROOT_CLASS = YES_ERROR;
				CLANG_WARN_SUSPICIOUS_MOVE = YES;
				CLANG_WARN_UNREACHABLE_CODE = YES;
				CLANG_WARN__DUPLICATE_METHOD_MATCH = YES;
				"CODE_SIGN_IDENTITY[sdk=iphoneos*]" = "iPhone Developer";
				COPY_PHASE_STRIP = NO;
				DEBUG_INFORMATION_FORMAT = dwarf;
				ENABLE_STRICT_OBJC_MSGSEND = YES;
				ENABLE_TESTABILITY = YES;
				GCC_C_LANGUAGE_STANDARD = gnu99;
				GCC_DYNAMIC_NO_PIC = NO;
				GCC_NO_COMMON_BLOCKS = YES;
				GCC_OPTIMIZATION_LEVEL = 0;
				GCC_PREPROCESSOR_DEFINITIONS = (
					"DEBUG=1",
					"$(inherited)",
				);
				GCC_WARN_64_TO_32_BIT_CONVERSION = YES;
				GCC_WARN_ABOUT_RETURN_TYPE = YES_ERROR;
				GCC_WARN_UNDECLARED_SELECTOR = YES;
				GCC_WARN_UNINITIALIZED_AUTOS = YES_AGGRESSIVE;
				GCC_WARN_UNUSED_FUNCTION = YES;
				GCC_WARN_UNUSED_VARIABLE = YES;
				IPHONEOS_DEPLOYMENT_TARGET = 10.3;
				MTL_ENABLE_DEBUG_INFO = YES;
				ONLY_ACTIVE_ARCH = YES;
				SDKROOT = iphoneos;
				SWIFT_ACTIVE_COMPILATION_CONDITIONS = DEBUG;
				SWIFT_OPTIMIZATION_LEVEL = "-Onone";
				TARGETED_DEVICE_FAMILY = "1,2";
			};
			name = Debug;
		};
		415FBC551F1164810030B258 /* Release */ = {
			isa = XCBuildConfiguration;
			buildSettings = {
				ALWAYS_SEARCH_USER_PATHS = NO;
				CLANG_ANALYZER_NONNULL = YES;
				CLANG_ANALYZER_NUMBER_OBJECT_CONVERSION = YES_AGGRESSIVE;
				CLANG_CXX_LANGUAGE_STANDARD = "gnu++0x";
				CLANG_CXX_LIBRARY = "libc++";
				CLANG_ENABLE_MODULES = YES;
				CLANG_ENABLE_OBJC_ARC = YES;
				CLANG_WARN_BOOL_CONVERSION = YES;
				CLANG_WARN_CONSTANT_CONVERSION = YES;
				CLANG_WARN_DIRECT_OBJC_ISA_USAGE = YES_ERROR;
				CLANG_WARN_DOCUMENTATION_COMMENTS = YES;
				CLANG_WARN_EMPTY_BODY = YES;
				CLANG_WARN_ENUM_CONVERSION = YES;
				CLANG_WARN_INFINITE_RECURSION = YES;
				CLANG_WARN_INT_CONVERSION = YES;
				CLANG_WARN_OBJC_ROOT_CLASS = YES_ERROR;
				CLANG_WARN_SUSPICIOUS_MOVE = YES;
				CLANG_WARN_UNREACHABLE_CODE = YES;
				CLANG_WARN__DUPLICATE_METHOD_MATCH = YES;
				"CODE_SIGN_IDENTITY[sdk=iphoneos*]" = "iPhone Developer";
				COPY_PHASE_STRIP = NO;
				DEBUG_INFORMATION_FORMAT = "dwarf-with-dsym";
				ENABLE_NS_ASSERTIONS = NO;
				ENABLE_STRICT_OBJC_MSGSEND = YES;
				GCC_C_LANGUAGE_STANDARD = gnu99;
				GCC_NO_COMMON_BLOCKS = YES;
				GCC_WARN_64_TO_32_BIT_CONVERSION = YES;
				GCC_WARN_ABOUT_RETURN_TYPE = YES_ERROR;
				GCC_WARN_UNDECLARED_SELECTOR = YES;
				GCC_WARN_UNINITIALIZED_AUTOS = YES_AGGRESSIVE;
				GCC_WARN_UNUSED_FUNCTION = YES;
				GCC_WARN_UNUSED_VARIABLE = YES;
				IPHONEOS_DEPLOYMENT_TARGET = 10.3;
				MTL_ENABLE_DEBUG_INFO = NO;
				SDKROOT = iphoneos;
				SWIFT_OPTIMIZATION_LEVEL = "-Owholemodule";
				TARGETED_DEVICE_FAMILY = "1,2";
				VALIDATE_PRODUCT = YES;
			};
			name = Release;
		};
		415FBC571F1164810030B258 /* Debug */ = {
			isa = XCBuildConfiguration;
			baseConfigurationReference = 5D10069C1AB99FCF64824529 /* Pods-Blind Date.debug.xcconfig */;
			buildSettings = {
				ASSETCATALOG_COMPILER_APPICON_NAME = AppIcon;
				"CODE_SIGN_IDENTITY[sdk=iphoneos*]" = "iPhone Developer";
				DEVELOPMENT_TEAM = A828SBS4G2;
				INFOPLIST_FILE = "Blind Date/Info.plist";
				LD_RUNPATH_SEARCH_PATHS = "$(inherited) @executable_path/Frameworks";
				PRODUCT_BUNDLE_IDENTIFIER = com.ios.instantlivefinder;
				PRODUCT_NAME = "$(TARGET_NAME)";
				PROVISIONING_PROFILE = "";
				PROVISIONING_PROFILE_SPECIFIER = "";
				SWIFT_VERSION = 3.0;
			};
			name = Debug;
		};
		415FBC581F1164810030B258 /* Release */ = {
			isa = XCBuildConfiguration;
			baseConfigurationReference = 2748AB8AFDD6247B9D9FB9D3 /* Pods-Blind Date.release.xcconfig */;
			buildSettings = {
				ASSETCATALOG_COMPILER_APPICON_NAME = AppIcon;
				"CODE_SIGN_IDENTITY[sdk=iphoneos*]" = "iPhone Developer";
				DEVELOPMENT_TEAM = A828SBS4G2;
				INFOPLIST_FILE = "Blind Date/Info.plist";
				LD_RUNPATH_SEARCH_PATHS = "$(inherited) @executable_path/Frameworks";
				PRODUCT_BUNDLE_IDENTIFIER = com.ios.instantlivefinder;
				PRODUCT_NAME = "$(TARGET_NAME)";
				PROVISIONING_PROFILE = "";
				PROVISIONING_PROFILE_SPECIFIER = "";
				SWIFT_VERSION = 3.0;
			};
			name = Release;
		};
		415FBC5A1F1164810030B258 /* Debug */ = {
			isa = XCBuildConfiguration;
			baseConfigurationReference = E4B20845E05D44C624F3825C /* Pods-Blind DateTests.debug.xcconfig */;
			buildSettings = {
				ALWAYS_EMBED_SWIFT_STANDARD_LIBRARIES = YES;
				BUNDLE_LOADER = "$(TEST_HOST)";
				DEVELOPMENT_TEAM = E6W4NZ53P8;
				INFOPLIST_FILE = "Blind DateTests/Info.plist";
				LD_RUNPATH_SEARCH_PATHS = "$(inherited) @executable_path/Frameworks @loader_path/Frameworks";
				PRODUCT_BUNDLE_IDENTIFIER = "com.praveenpendyala.Blind-DateTests";
				PRODUCT_NAME = "$(TARGET_NAME)";
				SWIFT_VERSION = 3.0;
				TEST_HOST = "$(BUILT_PRODUCTS_DIR)/Blind Date.app/Blind Date";
			};
			name = Debug;
		};
		415FBC5B1F1164810030B258 /* Release */ = {
			isa = XCBuildConfiguration;
			baseConfigurationReference = 057BF41ECC45592CF371514B /* Pods-Blind DateTests.release.xcconfig */;
			buildSettings = {
				ALWAYS_EMBED_SWIFT_STANDARD_LIBRARIES = YES;
				BUNDLE_LOADER = "$(TEST_HOST)";
				DEVELOPMENT_TEAM = E6W4NZ53P8;
				INFOPLIST_FILE = "Blind DateTests/Info.plist";
				LD_RUNPATH_SEARCH_PATHS = "$(inherited) @executable_path/Frameworks @loader_path/Frameworks";
				PRODUCT_BUNDLE_IDENTIFIER = "com.praveenpendyala.Blind-DateTests";
				PRODUCT_NAME = "$(TARGET_NAME)";
				SWIFT_VERSION = 3.0;
				TEST_HOST = "$(BUILT_PRODUCTS_DIR)/Blind Date.app/Blind Date";
			};
			name = Release;
		};
		415FBC5D1F1164810030B258 /* Debug */ = {
			isa = XCBuildConfiguration;
			baseConfigurationReference = 2E621AF7A5306FF5C4C990C2 /* Pods-Blind DateUITests.debug.xcconfig */;
			buildSettings = {
				ALWAYS_EMBED_SWIFT_STANDARD_LIBRARIES = YES;
				DEVELOPMENT_TEAM = E6W4NZ53P8;
				INFOPLIST_FILE = "Blind DateUITests/Info.plist";
				LD_RUNPATH_SEARCH_PATHS = "$(inherited) @executable_path/Frameworks @loader_path/Frameworks";
				PRODUCT_BUNDLE_IDENTIFIER = "com.praveenpendyala.Blind-DateUITests";
				PRODUCT_NAME = "$(TARGET_NAME)";
				SWIFT_VERSION = 3.0;
				TEST_TARGET_NAME = "Blind Date";
			};
			name = Debug;
		};
		415FBC5E1F1164810030B258 /* Release */ = {
			isa = XCBuildConfiguration;
			baseConfigurationReference = 9DE906FD488B8731063EE74C /* Pods-Blind DateUITests.release.xcconfig */;
			buildSettings = {
				ALWAYS_EMBED_SWIFT_STANDARD_LIBRARIES = YES;
				DEVELOPMENT_TEAM = E6W4NZ53P8;
				INFOPLIST_FILE = "Blind DateUITests/Info.plist";
				LD_RUNPATH_SEARCH_PATHS = "$(inherited) @executable_path/Frameworks @loader_path/Frameworks";
				PRODUCT_BUNDLE_IDENTIFIER = "com.praveenpendyala.Blind-DateUITests";
				PRODUCT_NAME = "$(TARGET_NAME)";
				SWIFT_VERSION = 3.0;
				TEST_TARGET_NAME = "Blind Date";
			};
			name = Release;
		};
/* End XCBuildConfiguration section */

/* Begin XCConfigurationList section */
		415FBC291F1164810030B258 /* Build configuration list for PBXProject "Blind Date" */ = {
			isa = XCConfigurationList;
			buildConfigurations = (
				415FBC541F1164810030B258 /* Debug */,
				415FBC551F1164810030B258 /* Release */,
			);
			defaultConfigurationIsVisible = 0;
			defaultConfigurationName = Release;
		};
		415FBC561F1164810030B258 /* Build configuration list for PBXNativeTarget "Blind Date" */ = {
			isa = XCConfigurationList;
			buildConfigurations = (
				415FBC571F1164810030B258 /* Debug */,
				415FBC581F1164810030B258 /* Release */,
			);
			defaultConfigurationIsVisible = 0;
			defaultConfigurationName = Release;
		};
		415FBC591F1164810030B258 /* Build configuration list for PBXNativeTarget "Blind DateTests" */ = {
			isa = XCConfigurationList;
			buildConfigurations = (
				415FBC5A1F1164810030B258 /* Debug */,
				415FBC5B1F1164810030B258 /* Release */,
			);
			defaultConfigurationIsVisible = 0;
			defaultConfigurationName = Release;
		};
		415FBC5C1F1164810030B258 /* Build configuration list for PBXNativeTarget "Blind DateUITests" */ = {
			isa = XCConfigurationList;
			buildConfigurations = (
				415FBC5D1F1164810030B258 /* Debug */,
				415FBC5E1F1164810030B258 /* Release */,
			);
			defaultConfigurationIsVisible = 0;
			defaultConfigurationName = Release;
		};
/* End XCConfigurationList section */
	};
	rootObject = 415FBC261F1164810030B258 /* Project object */;
}
